
Microsoft Visual Studio Solution File, Format Version 12.00
# Visual Studio Version 16
VisualStudioVersion = 16.0.31729.503
MinimumVisualStudioVersion = 10.0.40219.1
Project("{FAE04EC0-301F-11D3-BF4B-00C04F79EFBC}") = "yemektarifleri", "yemektarifleri.csproj", "{8C8713AA-BB20-4A2A-A475-80FAE9C64519}"
EndProject
Global
	GlobalSection(SolutionConfigurationPlatforms) = preSolution
		Debug|Any CPU = Debug|Any CPU
		Release|Any CPU = Release|Any CPU
	EndGlobalSection
	GlobalSection(ProjectConfigurationPlatforms) = postSolution
		{8C8713AA-BB20-4A2A-A475-80FAE9C64519}.Debug|Any CPU.ActiveCfg = Debug|Any CPU
		{8C8713AA-BB20-4A2A-A475-80FAE9C64519}.Debug|Any CPU.Build.0 = Debug|Any CPU
		{8C8713AA-BB20-4A2A-A475-80FAE9C64519}.Release|Any CPU.ActiveCfg = Release|Any CPU
		{8C8713AA-BB20-4A2A-A475-80FAE9C64519}.Release|Any CPU.Build.0 = Release|Any CPU
	EndGlobalSection
	GlobalSection(SolutionProperties) = preSolution
		HideSolutionNode = FALSE
	EndGlobalSection
	GlobalSection(ExtensibilityGlobals) = postSolution
		SolutionGuid = {349F04A3-E4C1-44BB-AE78-02C17B967FDB}
	EndGlobalSection
EndGlobal
